
Microsoft Visual Studio Solution File, Format Version 12.00
# Visual Studio 15
VisualStudioVersion = 15.0.26730.15
MinimumVisualStudioVersion = 10.0.40219.1
Project("{FAE04EC0-301F-11D3-BF4B-00C04F79EFBC}") = "Domain.Model", "Domain.Model\Domain.Model.csproj", "{CBD08329-EEF0-47E1-B01E-3339069EADA0}"
EndProject
Project("{6EC3EE1D-3C4E-46DD-8F32-0CC8E7565705}") = "Giraffe1", "Giraffe\Giraffe1.fsproj", "{77706698-E35B-4CE3-9B20-EF0B16304029}"
EndProject
Global
	GlobalSection(SolutionConfigurationPlatforms) = preSolution
		Debug|Any CPU = Debug|Any CPU
		Release|Any CPU = Release|Any CPU
	EndGlobalSection
	GlobalSection(ProjectConfigurationPlatforms) = postSolution
		{CBD08329-EEF0-47E1-B01E-3339069EADA0}.Debug|Any CPU.ActiveCfg = Debug|Any CPU
		{CBD08329-EEF0-47E1-B01E-3339069EADA0}.Debug|Any CPU.Build.0 = Debug|Any CPU
		{CBD08329-EEF0-47E1-B01E-3339069EADA0}.Release|Any CPU.ActiveCfg = Release|Any CPU
		{CBD08329-EEF0-47E1-B01E-3339069EADA0}.Release|Any CPU.Build.0 = Release|Any CPU
		{77706698-E35B-4CE3-9B20-EF0B16304029}.Debug|Any CPU.ActiveCfg = Debug|Any CPU
		{77706698-E35B-4CE3-9B20-EF0B16304029}.Debug|Any CPU.Build.0 = Debug|Any CPU
		{77706698-E35B-4CE3-9B20-EF0B16304029}.Release|Any CPU.ActiveCfg = Release|Any CPU
		{77706698-E35B-4CE3-9B20-EF0B16304029}.Release|Any CPU.Build.0 = Release|Any CPU
	EndGlobalSection
	GlobalSection(SolutionProperties) = preSolution
		HideSolutionNode = FALSE
	EndGlobalSection
	GlobalSection(ExtensibilityGlobals) = postSolution
		SolutionGuid = {B28F4AC9-D06E-43A1-BADB-03E3E109227F}
	EndGlobalSection
EndGlobal
